// !$*UTF8*$!
{
	archiveVersion = 1;
	classes = {
	};
	objectVersion = 77;
	objects = {

/* Begin PBXContainerItemProxy section */
		FAAA9E7D2D79724A00828181 /* PBXContainerItemProxy */ = {
			isa = PBXContainerItemProxy;
			containerPortal = FAAA9E642D79724900828181 /* Project object */;
			proxyType = 1;
			remoteGlobalIDString = FAAA9E6B2D79724900828181;
			remoteInfo = "ExpandableNestedList-SwiftUI";
		};
		FAAA9E872D79724A00828181 /* PBXContainerItemProxy */ = {
			isa = PBXContainerItemProxy;
			containerPortal = FAAA9E642D79724900828181 /* Project object */;
			proxyType = 1;
			remoteGlobalIDString = FAAA9E6B2D79724900828181;
			remoteInfo = "ExpandableNestedList-SwiftUI";
		};
/* End PBXContainerItemProxy section */

/* Begin PBXFileReference section */
		FAAA9E6C2D79724900828181 /* ExpandableNestedList-SwiftUI.app */ = {isa = PBXFileReference; explicitFileType = wrapper.application; includeInIndex = 0; path = "ExpandableNestedList-SwiftUI.app"; sourceTree = BUILT_PRODUCTS_DIR; };
		FAAA9E7C2D79724A00828181 /* ExpandableNestedList-SwiftUITests.xctest */ = {isa = PBXFileReference; explicitFileType = wrapper.cfbundle; includeInIndex = 0; path = "ExpandableNestedList-SwiftUITests.xctest"; sourceTree = BUILT_PRODUCTS_DIR; };
		FAAA9E862D79724A00828181 /* ExpandableNestedList-SwiftUIUITests.xctest */ = {isa = PBXFileReference; explicitFileType = wrapper.cfbundle; includeInIndex = 0; path = "ExpandableNestedList-SwiftUIUITests.xctest"; sourceTree = BUILT_PRODUCTS_DIR; };
/* End PBXFileReference section */

/* Begin PBXFileSystemSynchronizedRootGroup section */
		FAAA9E6E2D79724900828181 /* ExpandableNestedList-SwiftUI */ = {
			isa = PBXFileSystemSynchronizedRootGroup;
			path = "ExpandableNestedList-SwiftUI";
			sourceTree = "<group>";
		};
		FAAA9E7F2D79724A00828181 /* ExpandableNestedList-SwiftUITests */ = {
			isa = PBXFileSystemSynchronizedRootGroup;
			path = "ExpandableNestedList-SwiftUITests";
			sourceTree = "<group>";
		};
		FAAA9E892D79724A00828181 /* ExpandableNestedList-SwiftUIUITests */ = {
			isa = PBXFileSystemSynchronizedRootGroup;
			path = "ExpandableNestedList-SwiftUIUITests";
			sourceTree = "<group>";
		};
/* End PBXFileSystemSynchronizedRootGroup section */

/* Begin PBXFrameworksBuildPhase section */
		FAAA9E692D79724900828181 /* Frameworks */ = {
			isa = PBXFrameworksBuildPhase;
			buildActionMask = 2147483647;
			files = (
			);
			runOnlyForDeploymentPostprocessing = 0;
		};
		FAAA9E792D79724A00828181 /* Frameworks */ = {
			isa = PBXFrameworksBuildPhase;
			buildActionMask = 2147483647;
			files = (
			);
			runOnlyForDeploymentPostprocessing = 0;
		};
		FAAA9E832D79724A00828181 /* Frameworks */ = {
			isa = PBXFrameworksBuildPhase;
			buildActionMask = 2147483647;
			files = (
			);
			runOnlyForDeploymentPostprocessing = 0;
		};
/* End PBXFrameworksBuildPhase section */

/* Begin PBXGroup section */
		FAAA9E632D79724900828181 = {
			isa = PBXGroup;
			children = (
				FAAA9E6E2D79724900828181 /* ExpandableNestedList-SwiftUI */,
				FAAA9E7F2D79724A00828181 /* ExpandableNestedList-SwiftUITests */,
				FAAA9E892D79724A00828181 /* ExpandableNestedList-SwiftUIUITests */,
				FAAA9E6D2D79724900828181 /* Products */,
			);
			sourceTree = "<group>";
		};
		FAAA9E6D2D79724900828181 /* Products */ = {
			isa = PBXGroup;
			children = (
				FAAA9E6C2D79724900828181 /* ExpandableNestedList-SwiftUI.app */,
				FAAA9E7C2D79724A00828181 /* ExpandableNestedList-SwiftUITests.xctest */,
				FAAA9E862D79724A00828181 /* ExpandableNestedList-SwiftUIUITests.xctest */,
			);
			name = Products;
			sourceTree = "<group>";
		};
/* End PBXGroup section */

/* Begin PBXNativeTarget section */
		FAAA9E6B2D79724900828181 /* ExpandableNestedList-SwiftUI */ = {
			isa = PBXNativeTarget;
			buildConfigurationList = FAAA9E902D79724A00828181 /* Build configuration list for PBXNativeTarget "ExpandableNestedList-SwiftUI" */;
			buildPhases = (
				FAAA9E682D79724900828181 /* Sources */,
				FAAA9E692D79724900828181 /* Frameworks */,
				FAAA9E6A2D79724900828181 /* Resources */,
			);
			buildRules = (
			);
			dependencies = (
			);
			fileSystemSynchronizedGroups = (
				FAAA9E6E2D79724900828181 /* ExpandableNestedList-SwiftUI */,
			);
			name = "ExpandableNestedList-SwiftUI";
			packageProductDependencies = (
			);
			productName = "ExpandableNestedList-SwiftUI";
			productReference = FAAA9E6C2D79724900828181 /* ExpandableNestedList-SwiftUI.app */;
			productType = "com.apple.product-type.application";
		};
		FAAA9E7B2D79724A00828181 /* ExpandableNestedList-SwiftUITests */ = {
			isa = PBXNativeTarget;
			buildConfigurationList = FAAA9E932D79724A00828181 /* Build configuration list for PBXNativeTarget "ExpandableNestedList-SwiftUITests" */;
			buildPhases = (
				FAAA9E782D79724A00828181 /* Sources */,
				FAAA9E792D79724A00828181 /* Frameworks */,
				FAAA9E7A2D79724A00828181 /* Resources */,
			);
			buildRules = (
			);
			dependencies = (
				FAAA9E7E2D79724A00828181 /* PBXTargetDependency */,
			);
			fileSystemSynchronizedGroups = (
				FAAA9E7F2D79724A00828181 /* ExpandableNestedList-SwiftUITests */,
			);
			name = "ExpandableNestedList-SwiftUITests";
			packageProductDependencies = (
			);
			productName = "ExpandableNestedList-SwiftUITests";
			productReference = FAAA9E7C2D79724A00828181 /* ExpandableNestedList-SwiftUITests.xctest */;
			productType = "com.apple.product-type.bundle.unit-test";
		};
		FAAA9E852D79724A00828181 /* ExpandableNestedList-SwiftUIUITests */ = {
			isa = PBXNativeTarget;
			buildConfigurationList = FAAA9E962D79724A00828181 /* Build configuration list for PBXNativeTarget "ExpandableNestedList-SwiftUIUITests" */;
			buildPhases = (
				FAAA9E822D79724A00828181 /* Sources */,
				FAAA9E832D79724A00828181 /* Frameworks */,
				FAAA9E842D79724A00828181 /* Resources */,
			);
			buildRules = (
			);
			dependencies = (
				FAAA9E882D79724A00828181 /* PBXTargetDependency */,
			);
			fileSystemSynchronizedGroups = (
				FAAA9E892D79724A00828181 /* ExpandableNestedList-SwiftUIUITests */,
			);
			name = "ExpandableNestedList-SwiftUIUITests";
			packageProductDependencies = (
			);
			productName = "ExpandableNestedList-SwiftUIUITests";
			productReference = FAAA9E862D79724A00828181 /* ExpandableNestedList-SwiftUIUITests.xctest */;
			productType = "com.apple.product-type.bundle.ui-testing";
		};
/* End PBXNativeTarget section */

/* Begin PBXProject section */
		FAAA9E642D79724900828181 /* Project object */ = {
			isa = PBXProject;
			attributes = {
				BuildIndependentTargetsInParallel = 1;
				LastSwiftUpdateCheck = 1610;
				LastUpgradeCheck = 1610;
				TargetAttributes = {
					FAAA9E6B2D79724900828181 = {
						CreatedOnToolsVersion = 16.1;
					};
					FAAA9E7B2D79724A00828181 = {
						CreatedOnToolsVersion = 16.1;
						TestTargetID = FAAA9E6B2D79724900828181;
					};
					FAAA9E852D79724A00828181 = {
						CreatedOnToolsVersion = 16.1;
						TestTargetID = FAAA9E6B2D79724900828181;
					};
				};
			};
			buildConfigurationList = FAAA9E672D79724900828181 /* Build configuration list for PBXProject "ExpandableNestedList-SwiftUI" */;
			developmentRegion = en;
			hasScannedForEncodings = 0;
			knownRegions = (
				en,
				Base,
			);
			mainGroup = FAAA9E632D79724900828181;
			minimizedProjectReferenceProxies = 1;
			preferredProjectObjectVersion = 77;
			productRefGroup = FAAA9E6D2D79724900828181 /* Products */;
			projectDirPath = "";
			projectRoot = "";
			targets = (
				FAAA9E6B2D79724900828181 /* ExpandableNestedList-SwiftUI */,
				FAAA9E7B2D79724A00828181 /* ExpandableNestedList-SwiftUITests */,
				FAAA9E852D79724A00828181 /* ExpandableNestedList-SwiftUIUITests */,
			);
		};
/* End PBXProject section */

/* Begin PBXResourcesBuildPhase section */
		FAAA9E6A2D79724900828181 /* Resources */ = {
			isa = PBXResourcesBuildPhase;
			buildActionMask = 2147483647;
			files = (
			);
			runOnlyForDeploymentPostprocessing = 0;
		};
		FAAA9E7A2D79724A00828181 /* Resources */ = {
			isa = PBXResourcesBuildPhase;
			buildActionMask = 2147483647;
			files = (
			);
			runOnlyForDeploymentPostprocessing = 0;
		};
		FAAA9E842D79724A00828181 /* Resources */ = {
			isa = PBXResourcesBuildPhase;
			buildActionMask = 2147483647;
			files = (
			);
			runOnlyForDeploymentPostprocessing = 0;
		};
/* End PBXResourcesBuildPhase section */

/* Begin PBXSourcesBuildPhase section */
		FAAA9E682D79724900828181 /* Sources */ = {
			isa = PBXSourcesBuildPhase;
			buildActionMask = 2147483647;
			files = (
			);
			runOnlyForDeploymentPostprocessing = 0;
		};
		FAAA9E782D79724A00828181 /* Sources */ = {
			isa = PBXSourcesBuildPhase;
			buildActionMask = 2147483647;
			files = (
			);
			runOnlyForDeploymentPostprocessing = 0;
		};
		FAAA9E822D79724A00828181 /* Sources */ = {
			isa = PBXSourcesBuildPhase;
			buildActionMask = 2147483647;
			files = (
			);
			runOnlyForDeploymentPostprocessing = 0;
		};
/* End PBXSourcesBuildPhase section */

/* Begin PBXTargetDependency section */
		FAAA9E7E2D79724A00828181 /* PBXTargetDependency */ = {
			isa = PBXTargetDependency;
			target = FAAA9E6B2D79724900828181 /* ExpandableNestedList-SwiftUI */;
			targetProxy = FAAA9E7D2D79724A00828181 /* PBXContainerItemProxy */;
		};
		FAAA9E882D79724A00828181 /* PBXTargetDependency */ = {
			isa = PBXTargetDependency;
			target = FAAA9E6B2D79724900828181 /* ExpandableNestedList-SwiftUI */;
			targetProxy = FAAA9E872D79724A00828181 /* PBXContainerItemProxy */;
		};
/* End PBXTargetDependency section */

/* Begin XCBuildConfiguration section */
		FAAA9E8E2D79724A00828181 /* Debug */ = {
			isa = XCBuildConfiguration;
			buildSettings = {
				ALWAYS_SEARCH_USER_PATHS = NO;
				ASSETCATALOG_COMPILER_GENERATE_SWIFT_ASSET_SYMBOL_EXTENSIONS = YES;
				CLANG_ANALYZER_NONNULL = YES;
				CLANG_ANALYZER_NUMBER_OBJECT_CONVERSION = YES_AGGRESSIVE;
				CLANG_CXX_LANGUAGE_STANDARD = "gnu++20";
				CLANG_ENABLE_MODULES = YES;
				CLANG_ENABLE_OBJC_ARC = YES;
				CLANG_ENABLE_OBJC_WEAK = YES;
				CLANG_WARN_BLOCK_CAPTURE_AUTORELEASING = YES;
				CLANG_WARN_BOOL_CONVERSION = YES;
				CLANG_WARN_COMMA = YES;
				CLANG_WARN_CONSTANT_CONVERSION = YES;
				CLANG_WARN_DEPRECATED_OBJC_IMPLEMENTATIONS = YES;
				CLANG_WARN_DIRECT_OBJC_ISA_USAGE = YES_ERROR;
				CLANG_WARN_DOCUMENTATION_COMMENTS = YES;
				CLANG_WARN_EMPTY_BODY = YES;
				CLANG_WARN_ENUM_CONVERSION = YES;
				CLANG_WARN_INFINITE_RECURSION = YES;
				CLANG_WARN_INT_CONVERSION = YES;
				CLANG_WARN_NON_LITERAL_NULL_CONVERSION = YES;
				CLANG_WARN_OBJC_IMPLICIT_RETAIN_SELF = YES;
				CLANG_WARN_OBJC_LITERAL_CONVERSION = YES;
				CLANG_WARN_OBJC_ROOT_CLASS = YES_ERROR;
				CLANG_WARN_QUOTED_INCLUDE_IN_FRAMEWORK_HEADER = YES;
				CLANG_WARN_RANGE_LOOP_ANALYSIS = YES;
				CLANG_WARN_STRICT_PROTOTYPES = YES;
				CLANG_WARN_SUSPICIOUS_MOVE = YES;
				CLANG_WARN_UNGUARDED_AVAILABILITY = YES_AGGRESSIVE;
				CLANG_WARN_UNREACHABLE_CODE = YES;
				CLANG_WARN__DUPLICATE_METHOD_MATCH = YES;
				COPY_PHASE_STRIP = NO;
				DEBUG_INFORMATION_FORMAT = dwarf;
				ENABLE_STRICT_OBJC_MSGSEND = YES;
				ENABLE_TESTABILITY = YES;
				ENABLE_USER_SCRIPT_SANDBOXING = YES;
				GCC_C_LANGUAGE_STANDARD = gnu17;
				GCC_DYNAMIC_NO_PIC = NO;
				GCC_NO_COMMON_BLOCKS = YES;
				GCC_OPTIMIZATION_LEVEL = 0;
				GCC_PREPROCESSOR_DEFINITIONS = (
					"DEBUG=1",
					"$(inherited)",
				);
				GCC_WARN_64_TO_32_BIT_CONVERSION = YES;
				GCC_WARN_ABOUT_RETURN_TYPE = YES_ERROR;
				GCC_WARN_UNDECLARED_SELECTOR = YES;
				GCC_WARN_UNINITIALIZED_AUTOS = YES_AGGRESSIVE;
				GCC_WARN_UNUSED_FUNCTION = YES;
				GCC_WARN_UNUSED_VARIABLE = YES;
				IPHONEOS_DEPLOYMENT_TARGET = 18.1;
				LOCALIZATION_PREFERS_STRING_CATALOGS = YES;
				MTL_ENABLE_DEBUG_INFO = INCLUDE_SOURCE;
				MTL_FAST_MATH = YES;
				ONLY_ACTIVE_ARCH = YES;
				SDKROOT = iphoneos;
				SWIFT_ACTIVE_COMPILATION_CONDITIONS = "DEBUG $(inherited)";
				SWIFT_OPTIMIZATION_LEVEL = "-Onone";
			};
			name = Debug;
		};
		FAAA9E8F2D79724A00828181 /* Release */ = {
			isa = XCBuildConfiguration;
			buildSettings = {
				ALWAYS_SEARCH_USER_PATHS = NO;
				ASSETCATALOG_COMPILER_GENERATE_SWIFT_ASSET_SYMBOL_EXTENSIONS = YES;
				CLANG_ANALYZER_NONNULL = YES;
				CLANG_ANALYZER_NUMBER_OBJECT_CONVERSION = YES_AGGRESSIVE;
				CLANG_CXX_LANGUAGE_STANDARD = "gnu++20";
				CLANG_ENABLE_MODULES = YES;
				CLANG_ENABLE_OBJC_ARC = YES;
				CLANG_ENABLE_OBJC_WEAK = YES;
				CLANG_WARN_BLOCK_CAPTURE_AUTORELEASING = YES;
				CLANG_WARN_BOOL_CONVERSION = YES;
				CLANG_WARN_COMMA = YES;
				CLANG_WARN_CONSTANT_CONVERSION = YES;
				CLANG_WARN_DEPRECATED_OBJC_IMPLEMENTATIONS = YES;
				CLANG_WARN_DIRECT_OBJC_ISA_USAGE = YES_ERROR;
				CLANG_WARN_DOCUMENTATION_COMMENTS = YES;
				CLANG_WARN_EMPTY_BODY = YES;
				CLANG_WARN_ENUM_CONVERSION = YES;
				CLANG_WARN_INFINITE_RECURSION = YES;
				CLANG_WARN_INT_CONVERSION = YES;
				CLANG_WARN_NON_LITERAL_NULL_CONVERSION = YES;
				CLANG_WARN_OBJC_IMPLICIT_RETAIN_SELF = YES;
				CLANG_WARN_OBJC_LITERAL_CONVERSION = YES;
				CLANG_WARN_OBJC_ROOT_CLASS = YES_ERROR;
				CLANG_WARN_QUOTED_INCLUDE_IN_FRAMEWORK_HEADER = YES;
				CLANG_WARN_RANGE_LOOP_ANALYSIS = YES;
				CLANG_WARN_STRICT_PROTOTYPES = YES;
				CLANG_WARN_SUSPICIOUS_MOVE = YES;
				CLANG_WARN_UNGUARDED_AVAILABILITY = YES_AGGRESSIVE;
				CLANG_WARN_UNREACHABLE_CODE = YES;
				CLANG_WARN__DUPLICATE_METHOD_MATCH = YES;
				COPY_PHASE_STRIP = NO;
				DEBUG_INFORMATION_FORMAT = "dwarf-with-dsym";
				ENABLE_NS_ASSERTIONS = NO;
				ENABLE_STRICT_OBJC_MSGSEND = YES;
				ENABLE_USER_SCRIPT_SANDBOXING = YES;
				GCC_C_LANGUAGE_STANDARD = gnu17;
				GCC_NO_COMMON_BLOCKS = YES;
				GCC_WARN_64_TO_32_BIT_CONVERSION = YES;
				GCC_WARN_ABOUT_RETURN_TYPE = YES_ERROR;
				GCC_WARN_UNDECLARED_SELECTOR = YES;
				GCC_WARN_UNINITIALIZED_AUTOS = YES_AGGRESSIVE;
				GCC_WARN_UNUSED_FUNCTION = YES;
				GCC_WARN_UNUSED_VARIABLE = YES;
				IPHONEOS_DEPLOYMENT_TARGET = 18.1;
				LOCALIZATION_PREFERS_STRING_CATALOGS = YES;
				MTL_ENABLE_DEBUG_INFO = NO;
				MTL_FAST_MATH = YES;
				SDKROOT = iphoneos;
				SWIFT_COMPILATION_MODE = wholemodule;
				VALIDATE_PRODUCT = YES;
			};
			name = Release;
		};
		FAAA9E912D79724A00828181 /* Debug */ = {
			isa = XCBuildConfiguration;
			buildSettings = {
				ASSETCATALOG_COMPILER_APPICON_NAME = AppIcon;
				ASSETCATALOG_COMPILER_GLOBAL_ACCENT_COLOR_NAME = AccentColor;
				CODE_SIGN_STYLE = Automatic;
				CURRENT_PROJECT_VERSION = 1;
				DEVELOPMENT_ASSET_PATHS = "\"ExpandableNestedList-SwiftUI/Preview Content\"";
				ENABLE_PREVIEWS = YES;
				GENERATE_INFOPLIST_FILE = YES;
				INFOPLIST_KEY_UIApplicationSceneManifest_Generation = YES;
				INFOPLIST_KEY_UIApplicationSupportsIndirectInputEvents = YES;
				INFOPLIST_KEY_UILaunchScreen_Generation = YES;
				INFOPLIST_KEY_UISupportedInterfaceOrientations_iPad = "UIInterfaceOrientationPortrait UIInterfaceOrientationPortraitUpsideDown UIInterfaceOrientationLandscapeLeft UIInterfaceOrientationLandscapeRight";
				INFOPLIST_KEY_UISupportedInterfaceOrientations_iPhone = "UIInterfaceOrientationPortrait UIInterfaceOrientationLandscapeLeft UIInterfaceOrientationLandscapeRight";
				LD_RUNPATH_SEARCH_PATHS = (
					"$(inherited)",
					"@executable_path/Frameworks",
				);
				MARKETING_VERSION = 1.0;
				PRODUCT_BUNDLE_IDENTIFIER = "com.alexco.ExpandableNestedList-SwiftUI";
				PRODUCT_NAME = "$(TARGET_NAME)";
				SWIFT_EMIT_LOC_STRINGS = YES;
				SWIFT_VERSION = 5.0;
				TARGETED_DEVICE_FAMILY = "1,2";
			};
			name = Debug;
		};
		FAAA9E922D79724A00828181 /* Release */ = {
			isa = XCBuildConfiguration;
			buildSettings = {
				ASSETCATALOG_COMPILER_APPICON_NAME = AppIcon;
				ASSETCATALOG_COMPILER_GLOBAL_ACCENT_COLOR_NAME = AccentColor;
				CODE_SIGN_STYLE = Automatic;
				CURRENT_PROJECT_VERSION = 1;
				DEVELOPMENT_ASSET_PATHS = "\"ExpandableNestedList-SwiftUI/Preview Content\"";
				ENABLE_PREVIEWS = YES;
				GENERATE_INFOPLIST_FILE = YES;
				INFOPLIST_KEY_UIApplicationSceneManifest_Generation = YES;
				INFOPLIST_KEY_UIApplicationSupportsIndirectInputEvents = YES;
				INFOPLIST_KEY_UILaunchScreen_Generation = YES;
				INFOPLIST_KEY_UISupportedInterfaceOrientations_iPad = "UIInterfaceOrientationPortrait UIInterfaceOrientationPortraitUpsideDown UIInterfaceOrientationLandscapeLeft UIInterfaceOrientationLandscapeRight";
				INFOPLIST_KEY_UISupportedInterfaceOrientations_iPhone = "UIInterfaceOrientationPortrait UIInterfaceOrientationLandscapeLeft UIInterfaceOrientationLandscapeRight";
				LD_RUNPATH_SEARCH_PATHS = (
					"$(inherited)",
					"@executable_path/Frameworks",
				);
				MARKETING_VERSION = 1.0;
				PRODUCT_BUNDLE_IDENTIFIER = "com.alexco.ExpandableNestedList-SwiftUI";
				PRODUCT_NAME = "$(TARGET_NAME)";
				SWIFT_EMIT_LOC_STRINGS = YES;
				SWIFT_VERSION = 5.0;
				TARGETED_DEVICE_FAMILY = "1,2";
			};
			name = Release;
		};
		FAAA9E942D79724A00828181 /* Debug */ = {
			isa = XCBuildConfiguration;
			buildSettings = {
				BUNDLE_LOADER = "$(TEST_HOST)";
				CODE_SIGN_STYLE = Automatic;
				CURRENT_PROJECT_VERSION = 1;
				GENERATE_INFOPLIST_FILE = YES;
				IPHONEOS_DEPLOYMENT_TARGET = 18.1;
				MARKETING_VERSION = 1.0;
				PRODUCT_BUNDLE_IDENTIFIER = "com.alexco.ExpandableNestedList-SwiftUITests";
				PRODUCT_NAME = "$(TARGET_NAME)";
				SWIFT_EMIT_LOC_STRINGS = NO;
				SWIFT_VERSION = 5.0;
				TARGETED_DEVICE_FAMILY = "1,2";
				TEST_HOST = "$(BUILT_PRODUCTS_DIR)/ExpandableNestedList-SwiftUI.app/$(BUNDLE_EXECUTABLE_FOLDER_PATH)/ExpandableNestedList-SwiftUI";
			};
			name = Debug;
		};
		FAAA9E952D79724A00828181 /* Release */ = {
			isa = XCBuildConfiguration;
			buildSettings = {
				BUNDLE_LOADER = "$(TEST_HOST)";
				CODE_SIGN_STYLE = Automatic;
				CURRENT_PROJECT_VERSION = 1;
				GENERATE_INFOPLIST_FILE = YES;
				IPHONEOS_DEPLOYMENT_TARGET = 18.1;
				MARKETING_VERSION = 1.0;
				PRODUCT_BUNDLE_IDENTIFIER = "com.alexco.ExpandableNestedList-SwiftUITests";
				PRODUCT_NAME = "$(TARGET_NAME)";
				SWIFT_EMIT_LOC_STRINGS = NO;
				SWIFT_VERSION = 5.0;
				TARGETED_DEVICE_FAMILY = "1,2";
				TEST_HOST = "$(BUILT_PRODUCTS_DIR)/ExpandableNestedList-SwiftUI.app/$(BUNDLE_EXECUTABLE_FOLDER_PATH)/ExpandableNestedList-SwiftUI";
			};
			name = Release;
		};
		FAAA9E972D79724A00828181 /* Debug */ = {
			isa = XCBuildConfiguration;
			buildSettings = {
				CODE_SIGN_STYLE = Automatic;
				CURRENT_PROJECT_VERSION = 1;
				GENERATE_INFOPLIST_FILE = YES;
				MARKETING_VERSION = 1.0;
				PRODUCT_BUNDLE_IDENTIFIER = "com.alexco.ExpandableNestedList-SwiftUIUITests";
				PRODUCT_NAME = "$(TARGET_NAME)";
				SWIFT_EMIT_LOC_STRINGS = NO;
				SWIFT_VERSION = 5.0;
				TARGETED_DEVICE_FAMILY = "1,2";
				TEST_TARGET_NAME = "ExpandableNestedList-SwiftUI";
			};
			name = Debug;
		};
		FAAA9E982D79724A00828181 /* Release */ = {
			isa = XCBuildConfiguration;
			buildSettings = {
				CODE_SIGN_STYLE = Automatic;
				CURRENT_PROJECT_VERSION = 1;
				GENERATE_INFOPLIST_FILE = YES;
				MARKETING_VERSION = 1.0;
				PRODUCT_BUNDLE_IDENTIFIER = "com.alexco.ExpandableNestedList-SwiftUIUITests";
				PRODUCT_NAME = "$(TARGET_NAME)";
				SWIFT_EMIT_LOC_STRINGS = NO;
				SWIFT_VERSION = 5.0;
				TARGETED_DEVICE_FAMILY = "1,2";
				TEST_TARGET_NAME = "ExpandableNestedList-SwiftUI";
			};
			name = Release;
		};
/* End XCBuildConfiguration section */

/* Begin XCConfigurationList section */
		FAAA9E672D79724900828181 /* Build configuration list for PBXProject "ExpandableNestedList-SwiftUI" */ = {
			isa = XCConfigurationList;
			buildConfigurations = (
				FAAA9E8E2D79724A00828181 /* Debug */,
				FAAA9E8F2D79724A00828181 /* Release */,
			);
			defaultConfigurationIsVisible = 0;
			defaultConfigurationName = Release;
		};
		FAAA9E902D79724A00828181 /* Build configuration list for PBXNativeTarget "ExpandableNestedList-SwiftUI" */ = {
			isa = XCConfigurationList;
			buildConfigurations = (
				FAAA9E912D79724A00828181 /* Debug */,
				FAAA9E922D79724A00828181 /* Release */,
			);
			defaultConfigurationIsVisible = 0;
			defaultConfigurationName = Release;
		};
		FAAA9E932D79724A00828181 /* Build configuration list for PBXNativeTarget "ExpandableNestedList-SwiftUITests" */ = {
			isa = XCConfigurationList;
			buildConfigurations = (
				FAAA9E942D79724A00828181 /* Debug */,
				FAAA9E952D79724A00828181 /* Release */,
			);
			defaultConfigurationIsVisible = 0;
			defaultConfigurationName = Release;
		};
		FAAA9E962D79724A00828181 /* Build configuration list for PBXNativeTarget "ExpandableNestedList-SwiftUIUITests" */ = {
			isa = XCConfigurationList;
			buildConfigurations = (
				FAAA9E972D79724A00828181 /* Debug */,
				FAAA9E982D79724A00828181 /* Release */,
			);
			defaultConfigurationIsVisible = 0;
			defaultConfigurationName = Release;
		};
/* End XCConfigurationList section */
	};
	rootObject = FAAA9E642D79724900828181 /* Project object */;
}
